
Microsoft Visual Studio Solution File, Format Version 12.00
# Visual Studio Version 16
VisualStudioVersion = 16.0.29609.76
MinimumVisualStudioVersion = 10.0.40219.1
Project("{FAE04EC0-301F-11D3-BF4B-00C04F79EFBC}") = "FantasyData.Api.Client", "FantasyData.Api.Client.csproj", "{4917F563-EC8F-4E15-B08A-E18B514A3960}"
EndProject
Project("{FAE04EC0-301F-11D3-BF4B-00C04F79EFBC}") = "FantasyData.Api.Client.NetCore", "..\FantasyData.Api.Client.NetCore\FantasyData.Api.Client.NetCore.csproj", "{91720E99-E681-47D7-AC41-7C8C8AA6BE5D}"
EndProject
Global
	GlobalSection(SolutionConfigurationPlatforms) = preSolution
		Debug|Any CPU = Debug|Any CPU
		Release|Any CPU = Release|Any CPU
	EndGlobalSection
	GlobalSection(ProjectConfigurationPlatforms) = postSolution
		{4917F563-EC8F-4E15-B08A-E18B514A3960}.Debug|Any CPU.ActiveCfg = Debug|Any CPU
		{4917F563-EC8F-4E15-B08A-E18B514A3960}.Debug|Any CPU.Build.0 = Debug|Any CPU
		{4917F563-EC8F-4E15-B08A-E18B514A3960}.Release|Any CPU.ActiveCfg = Release|Any CPU
		{4917F563-EC8F-4E15-B08A-E18B514A3960}.Release|Any CPU.Build.0 = Release|Any CPU
		{91720E99-E681-47D7-AC41-7C8C8AA6BE5D}.Debug|Any CPU.ActiveCfg = Debug|Any CPU
		{91720E99-E681-47D7-AC41-7C8C8AA6BE5D}.Debug|Any CPU.Build.0 = Debug|Any CPU
		{91720E99-E681-47D7-AC41-7C8C8AA6BE5D}.Release|Any CPU.ActiveCfg = Release|Any CPU
		{91720E99-E681-47D7-AC41-7C8C8AA6BE5D}.Release|Any CPU.Build.0 = Release|Any CPU
	EndGlobalSection
	GlobalSection(SolutionProperties) = preSolution
		HideSolutionNode = FALSE
	EndGlobalSection
	GlobalSection(ExtensibilityGlobals) = postSolution
		SolutionGuid = {082AC64B-2D34-4ADF-94B4-D737B9E20AB2}
	EndGlobalSection
EndGlobal
